
Microsoft Visual Studio Solution File, Format Version 12.00
# Visual Studio Version 16
VisualStudioVersion = 16.0.29403.142
MinimumVisualStudioVersion = 10.0.40219.1
Project("{FAE04EC0-301F-11D3-BF4B-00C04F79EFBC}") = "WordsLearner", "WordsLearner\WordsLearner.csproj", "{DD39AE36-673E-4D8E-AF1A-E5D7DEB72875}"
EndProject
Global
	GlobalSection(SolutionConfigurationPlatforms) = preSolution
		Debug|Any CPU = Debug|Any CPU
		Release|Any CPU = Release|Any CPU
	EndGlobalSection
	GlobalSection(ProjectConfigurationPlatforms) = postSolution
		{DD39AE36-673E-4D8E-AF1A-E5D7DEB72875}.Debug|Any CPU.ActiveCfg = Debug|Any CPU
		{DD39AE36-673E-4D8E-AF1A-E5D7DEB72875}.Debug|Any CPU.Build.0 = Debug|Any CPU
		{DD39AE36-673E-4D8E-AF1A-E5D7DEB72875}.Release|Any CPU.ActiveCfg = Release|Any CPU
		{DD39AE36-673E-4D8E-AF1A-E5D7DEB72875}.Release|Any CPU.Build.0 = Release|Any CPU
	EndGlobalSection
	GlobalSection(SolutionProperties) = preSolution
		HideSolutionNode = FALSE
	EndGlobalSection
	GlobalSection(ExtensibilityGlobals) = postSolution
		SolutionGuid = {A892C605-261D-4F38-A82B-87E29F43A93A}
	EndGlobalSection
EndGlobal
